
Microsoft Visual Studio Solution File, Format Version 12.00
# Visual Studio Version 17
VisualStudioVersion = 17.1.32228.430
MinimumVisualStudioVersion = 10.0.40219.1
Project("{FAE04EC0-301F-11D3-BF4B-00C04F79EFBC}") = "TodoListBlazorWasm", "TodoListBlazorWasm\TodoListBlazorWasm.csproj", "{0FBD14BC-629A-4D63-A57D-0DF1116F1648}"
EndProject
Global
	GlobalSection(SolutionConfigurationPlatforms) = preSolution
		Debug|Any CPU = Debug|Any CPU
		Release|Any CPU = Release|Any CPU
	EndGlobalSection
	GlobalSection(ProjectConfigurationPlatforms) = postSolution
		{0FBD14BC-629A-4D63-A57D-0DF1116F1648}.Debug|Any CPU.ActiveCfg = Debug|Any CPU
		{0FBD14BC-629A-4D63-A57D-0DF1116F1648}.Debug|Any CPU.Build.0 = Debug|Any CPU
		{0FBD14BC-629A-4D63-A57D-0DF1116F1648}.Release|Any CPU.ActiveCfg = Release|Any CPU
		{0FBD14BC-629A-4D63-A57D-0DF1116F1648}.Release|Any CPU.Build.0 = Release|Any CPU
	EndGlobalSection
	GlobalSection(SolutionProperties) = preSolution
		HideSolutionNode = FALSE
	EndGlobalSection
	GlobalSection(ExtensibilityGlobals) = postSolution
		SolutionGuid = {7630326E-27D1-4F2C-8E97-F88D69262349}
	EndGlobalSection
EndGlobal
